// !$*UTF8*$!
{
	archiveVersion = 1;
	classes = {
	};
	objectVersion = 56;
	objects = {

/* Begin PBXBuildFile section */
		8B359D9929D7DCE900A9E776 /* AppDelegate.swift in Sources */ = {isa = PBXBuildFile; fileRef = 8B359D9829D7DCE900A9E776 /* AppDelegate.swift */; };
		8B359D9B29D7DCE900A9E776 /* SceneDelegate.swift in Sources */ = {isa = PBXBuildFile; fileRef = 8B359D9A29D7DCE900A9E776 /* SceneDelegate.swift */; };
		8B359D9D29D7DCE900A9E776 /* ViewController.swift in Sources */ = {isa = PBXBuildFile; fileRef = 8B359D9C29D7DCE900A9E776 /* ViewController.swift */; };
		8B359DA029D7DCE900A9E776 /* Main.storyboard in Resources */ = {isa = PBXBuildFile; fileRef = 8B359D9E29D7DCE900A9E776 /* Main.storyboard */; };
		8B359DA229D7DCEA00A9E776 /* Assets.xcassets in Resources */ = {isa = PBXBuildFile; fileRef = 8B359DA129D7DCEA00A9E776 /* Assets.xcassets */; };
		8B359DA529D7DCEA00A9E776 /* LaunchScreen.storyboard in Resources */ = {isa = PBXBuildFile; fileRef = 8B359DA329D7DCEA00A9E776 /* LaunchScreen.storyboard */; };
		8B359DAE29D7E50100A9E776 /* Kingfisher in Frameworks */ = {isa = PBXBuildFile; productRef = 8B359DAD29D7E50100A9E776 /* Kingfisher */; };
/* End PBXBuildFile section */

/* Begin PBXFileReference section */
		8B359D9529D7DCE900A9E776 /* UIImageView.app */ = {isa = PBXFileReference; explicitFileType = wrapper.application; includeInIndex = 0; path = UIImageView.app; sourceTree = BUILT_PRODUCTS_DIR; };
		8B359D9829D7DCE900A9E776 /* AppDelegate.swift */ = {isa = PBXFileReference; lastKnownFileType = sourcecode.swift; path = AppDelegate.swift; sourceTree = "<group>"; };
		8B359D9A29D7DCE900A9E776 /* SceneDelegate.swift */ = {isa = PBXFileReference; lastKnownFileType = sourcecode.swift; path = SceneDelegate.swift; sourceTree = "<group>"; };
		8B359D9C29D7DCE900A9E776 /* ViewController.swift */ = {isa = PBXFileReference; lastKnownFileType = sourcecode.swift; path = ViewController.swift; sourceTree = "<group>"; };
		8B359D9F29D7DCE900A9E776 /* Base */ = {isa = PBXFileReference; lastKnownFileType = file.storyboard; name = Base; path = Base.lproj/Main.storyboard; sourceTree = "<group>"; };
		8B359DA129D7DCEA00A9E776 /* Assets.xcassets */ = {isa = PBXFileReference; lastKnownFileType = folder.assetcatalog; path = Assets.xcassets; sourceTree = "<group>"; };
		8B359DA429D7DCEA00A9E776 /* Base */ = {isa = PBXFileReference; lastKnownFileType = file.storyboard; name = Base; path = Base.lproj/LaunchScreen.storyboard; sourceTree = "<group>"; };
		8B359DA629D7DCEA00A9E776 /* Info.plist */ = {isa = PBXFileReference; lastKnownFileType = text.plist.xml; path = Info.plist; sourceTree = "<group>"; };
/* End PBXFileReference section */

/* Begin PBXFrameworksBuildPhase section */
		8B359D9229D7DCE900A9E776 /* Frameworks */ = {
			isa = PBXFrameworksBuildPhase;
			buildActionMask = 2147483647;
			files = (
				8B359DAE29D7E50100A9E776 /* Kingfisher in Frameworks */,
			);
			runOnlyForDeploymentPostprocessing = 0;
		};
/* End PBXFrameworksBuildPhase section */

/* Begin PBXGroup section */
		8B359D8C29D7DCE900A9E776 = {
			isa = PBXGroup;
			children = (
				8B359D9729D7DCE900A9E776 /* UIImageView */,
				8B359D9629D7DCE900A9E776 /* Products */,
			);
			sourceTree = "<group>";
		};
		8B359D9629D7DCE900A9E776 /* Products */ = {
			isa = PBXGroup;
			children = (
				8B359D9529D7DCE900A9E776 /* UIImageView.app */,
			);
			name = Products;
			sourceTree = "<group>";
		};
		8B359D9729D7DCE900A9E776 /* UIImageView */ = {
			isa = PBXGroup;
			children = (
				8B359D9829D7DCE900A9E776 /* AppDelegate.swift */,
				8B359D9A29D7DCE900A9E776 /* SceneDelegate.swift */,
				8B359D9C29D7DCE900A9E776 /* ViewController.swift */,
				8B359D9E29D7DCE900A9E776 /* Main.storyboard */,
				8B359DA129D7DCEA00A9E776 /* Assets.xcassets */,
				8B359DA329D7DCEA00A9E776 /* LaunchScreen.storyboard */,
				8B359DA629D7DCEA00A9E776 /* Info.plist */,
			);
			path = UIImageView;
			sourceTree = "<group>";
		};
/* End PBXGroup section */

/* Begin PBXNativeTarget section */
		8B359D9429D7DCE900A9E776 /* UIImageView */ = {
			isa = PBXNativeTarget;
			buildConfigurationList = 8B359DA929D7DCEA00A9E776 /* Build configuration list for PBXNativeTarget "UIImageView" */;
			buildPhases = (
				8B359D9129D7DCE900A9E776 /* Sources */,
				8B359D9229D7DCE900A9E776 /* Frameworks */,
				8B359D9329D7DCE900A9E776 /* Resources */,
			);
			buildRules = (
			);
			dependencies = (
			);
			name = UIImageView;
			packageProductDependencies = (
				8B359DAD29D7E50100A9E776 /* Kingfisher */,
			);
			productName = UIImageView;
			productReference = 8B359D9529D7DCE900A9E776 /* UIImageView.app */;
			productType = "com.apple.product-type.application";
		};
/* End PBXNativeTarget section */

/* Begin PBXProject section */
		8B359D8D29D7DCE900A9E776 /* Project object */ = {
			isa = PBXProject;
			attributes = {
				BuildIndependentTargetsInParallel = 1;
				LastSwiftUpdateCheck = 1420;
				LastUpgradeCheck = 1420;
				TargetAttributes = {
					8B359D9429D7DCE900A9E776 = {
						CreatedOnToolsVersion = 14.2;
					};
				};
			};
			buildConfigurationList = 8B359D9029D7DCE900A9E776 /* Build configuration list for PBXProject "UIImageView" */;
			compatibilityVersion = "Xcode 14.0";
			developmentRegion = en;
			hasScannedForEncodings = 0;
			knownRegions = (
				en,
				Base,
			);
			mainGroup = 8B359D8C29D7DCE900A9E776;
			packageReferences = (
				8B359DAC29D7E50100A9E776 /* XCRemoteSwiftPackageReference "Kingfisher" */,
			);
			productRefGroup = 8B359D9629D7DCE900A9E776 /* Products */;
			projectDirPath = "";
			projectRoot = "";
			targets = (
				8B359D9429D7DCE900A9E776 /* UIImageView */,
			);
		};
/* End PBXProject section */

/* Begin PBXResourcesBuildPhase section */
		8B359D9329D7DCE900A9E776 /* Resources */ = {
			isa = PBXResourcesBuildPhase;
			buildActionMask = 2147483647;
			files = (
				8B359DA529D7DCEA00A9E776 /* LaunchScreen.storyboard in Resources */,
				8B359DA229D7DCEA00A9E776 /* Assets.xcassets in Resources */,
				8B359DA029D7DCE900A9E776 /* Main.storyboard in Resources */,
			);
			runOnlyForDeploymentPostprocessing = 0;
		};
/* End PBXResourcesBuildPhase section */

/* Begin PBXSourcesBuildPhase section */
		8B359D9129D7DCE900A9E776 /* Sources */ = {
			isa = PBXSourcesBuildPhase;
			buildActionMask = 2147483647;
			files = (
				8B359D9D29D7DCE900A9E776 /* ViewController.swift in Sources */,
				8B359D9929D7DCE900A9E776 /* AppDelegate.swift in Sources */,
				8B359D9B29D7DCE900A9E776 /* SceneDelegate.swift in Sources */,
			);
			runOnlyForDeploymentPostprocessing = 0;
		};
/* End PBXSourcesBuildPhase section */

/* Begin PBXVariantGroup section */
		8B359D9E29D7DCE900A9E776 /* Main.storyboard */ = {
			isa = PBXVariantGroup;
			children = (
				8B359D9F29D7DCE900A9E776 /* Base */,
			);
			name = Main.storyboard;
			sourceTree = "<group>";
		};
		8B359DA329D7DCEA00A9E776 /* LaunchScreen.storyboard */ = {
			isa = PBXVariantGroup;
			children = (
				8B359DA429D7DCEA00A9E776 /* Base */,
			);
			name = LaunchScreen.storyboard;
			sourceTree = "<group>";
		};
/* End PBXVariantGroup section */

/* Begin XCBuildConfiguration section */
		8B359DA729D7DCEA00A9E776 /* Debug */ = {
			isa = XCBuildConfiguration;
			buildSettings = {
				ALWAYS_SEARCH_USER_PATHS = NO;
				CLANG_ANALYZER_NONNULL = YES;
				CLANG_ANALYZER_NUMBER_OBJECT_CONVERSION = YES_AGGRESSIVE;
				CLANG_CXX_LANGUAGE_STANDARD = "gnu++20";
				CLANG_ENABLE_MODULES = YES;
				CLANG_ENABLE_OBJC_ARC = YES;
				CLANG_ENABLE_OBJC_WEAK = YES;
				CLANG_WARN_BLOCK_CAPTURE_AUTORELEASING = YES;
				CLANG_WARN_BOOL_CONVERSION = YES;
				CLANG_WARN_COMMA = YES;
				CLANG_WARN_CONSTANT_CONVERSION = YES;
				CLANG_WARN_DEPRECATED_OBJC_IMPLEMENTATIONS = YES;
				CLANG_WARN_DIRECT_OBJC_ISA_USAGE = YES_ERROR;
				CLANG_WARN_DOCUMENTATION_COMMENTS = YES;
				CLANG_WARN_EMPTY_BODY = YES;
				CLANG_WARN_ENUM_CONVERSION = YES;
				CLANG_WARN_INFINITE_RECURSION = YES;
				CLANG_WARN_INT_CONVERSION = YES;
				CLANG_WARN_NON_LITERAL_NULL_CONVERSION = YES;
				CLANG_WARN_OBJC_IMPLICIT_RETAIN_SELF = YES;
				CLANG_WARN_OBJC_LITERAL_CONVERSION = YES;
				CLANG_WARN_OBJC_ROOT_CLASS = YES_ERROR;
				CLANG_WARN_QUOTED_INCLUDE_IN_FRAMEWORK_HEADER = YES;
				CLANG_WARN_RANGE_LOOP_ANALYSIS = YES;
				CLANG_WARN_STRICT_PROTOTYPES = YES;
				CLANG_WARN_SUSPICIOUS_MOVE = YES;
				CLANG_WARN_UNGUARDED_AVAILABILITY = YES_AGGRESSIVE;
				CLANG_WARN_UNREACHABLE_CODE = YES;
				CLANG_WARN__DUPLICATE_METHOD_MATCH = YES;
				COPY_PHASE_STRIP = NO;
				DEBUG_INFORMATION_FORMAT = dwarf;
				ENABLE_STRICT_OBJC_MSGSEND = YES;
				ENABLE_TESTABILITY = YES;
				GCC_C_LANGUAGE_STANDARD = gnu11;
				GCC_DYNAMIC_NO_PIC = NO;
				GCC_NO_COMMON_BLOCKS = YES;
				GCC_OPTIMIZATION_LEVEL = 0;
				GCC_PREPROCESSOR_DEFINITIONS = (
					"DEBUG=1",
					"$(inherited)",
				);
				GCC_WARN_64_TO_32_BIT_CONVERSION = YES;
				GCC_WARN_ABOUT_RETURN_TYPE = YES_ERROR;
				GCC_WARN_UNDECLARED_SELECTOR = YES;
				GCC_WARN_UNINITIALIZED_AUTOS = YES_AGGRESSIVE;
				GCC_WARN_UNUSED_FUNCTION = YES;
				GCC_WARN_UNUSED_VARIABLE = YES;
				IPHONEOS_DEPLOYMENT_TARGET = 16.2;
				MTL_ENABLE_DEBUG_INFO = INCLUDE_SOURCE;
				MTL_FAST_MATH = YES;
				ONLY_ACTIVE_ARCH = YES;
				SDKROOT = iphoneos;
				SWIFT_ACTIVE_COMPILATION_CONDITIONS = DEBUG;
				SWIFT_OPTIMIZATION_LEVEL = "-Onone";
			};
			name = Debug;
		};
		8B359DA829D7DCEA00A9E776 /* Release */ = {
			isa = XCBuildConfiguration;
			buildSettings = {
				ALWAYS_SEARCH_USER_PATHS = NO;
				CLANG_ANALYZER_NONNULL = YES;
				CLANG_ANALYZER_NUMBER_OBJECT_CONVERSION = YES_AGGRESSIVE;
				CLANG_CXX_LANGUAGE_STANDARD = "gnu++20";
				CLANG_ENABLE_MODULES = YES;
				CLANG_ENABLE_OBJC_ARC = YES;
				CLANG_ENABLE_OBJC_WEAK = YES;
				CLANG_WARN_BLOCK_CAPTURE_AUTORELEASING = YES;
				CLANG_WARN_BOOL_CONVERSION = YES;
				CLANG_WARN_COMMA = YES;
				CLANG_WARN_CONSTANT_CONVERSION = YES;
				CLANG_WARN_DEPRECATED_OBJC_IMPLEMENTATIONS = YES;
				CLANG_WARN_DIRECT_OBJC_ISA_USAGE = YES_ERROR;
				CLANG_WARN_DOCUMENTATION_COMMENTS = YES;
				CLANG_WARN_EMPTY_BODY = YES;
				CLANG_WARN_ENUM_CONVERSION = YES;
				CLANG_WARN_INFINITE_RECURSION = YES;
				CLANG_WARN_INT_CONVERSION = YES;
				CLANG_WARN_NON_LITERAL_NULL_CONVERSION = YES;
				CLANG_WARN_OBJC_IMPLICIT_RETAIN_SELF = YES;
				CLANG_WARN_OBJC_LITERAL_CONVERSION = YES;
				CLANG_WARN_OBJC_ROOT_CLASS = YES_ERROR;
				CLANG_WARN_QUOTED_INCLUDE_IN_FRAMEWORK_HEADER = YES;
				CLANG_WARN_RANGE_LOOP_ANALYSIS = YES;
				CLANG_WARN_STRICT_PROTOTYPES = YES;
				CLANG_WARN_SUSPICIOUS_MOVE = YES;
				CLANG_WARN_UNGUARDED_AVAILABILITY = YES_AGGRESSIVE;
				CLANG_WARN_UNREACHABLE_CODE = YES;
				CLANG_WARN__DUPLICATE_METHOD_MATCH = YES;
				COPY_PHASE_STRIP = NO;
				DEBUG_INFORMATION_FORMAT = "dwarf-with-dsym";
				ENABLE_NS_ASSERTIONS = NO;
				ENABLE_STRICT_OBJC_MSGSEND = YES;
				GCC_C_LANGUAGE_STANDARD = gnu11;
				GCC_NO_COMMON_BLOCKS = YES;
				GCC_WARN_64_TO_32_BIT_CONVERSION = YES;
				GCC_WARN_ABOUT_RETURN_TYPE = YES_ERROR;
				GCC_WARN_UNDECLARED_SELECTOR = YES;
				GCC_WARN_UNINITIALIZED_AUTOS = YES_AGGRESSIVE;
				GCC_WARN_UNUSED_FUNCTION = YES;
				GCC_WARN_UNUSED_VARIABLE = YES;
				IPHONEOS_DEPLOYMENT_TARGET = 16.2;
				MTL_ENABLE_DEBUG_INFO = NO;
				MTL_FAST_MATH = YES;
				SDKROOT = iphoneos;
				SWIFT_COMPILATION_MODE = wholemodule;
				SWIFT_OPTIMIZATION_LEVEL = "-O";
				VALIDATE_PRODUCT = YES;
			};
			name = Release;
		};
		8B359DAA29D7DCEA00A9E776 /* Debug */ = {
			isa = XCBuildConfiguration;
			buildSettings = {
				ASSETCATALOG_COMPILER_APPICON_NAME = AppIcon;
				ASSETCATALOG_COMPILER_GLOBAL_ACCENT_COLOR_NAME = AccentColor;
				CODE_SIGN_STYLE = Automatic;
				CURRENT_PROJECT_VERSION = 1;
				DEVELOPMENT_TEAM = 7PSW8M3W4F;
				GENERATE_INFOPLIST_FILE = YES;
				INFOPLIST_FILE = UIImageView/Info.plist;
				INFOPLIST_KEY_UIApplicationSupportsIndirectInputEvents = YES;
				INFOPLIST_KEY_UILaunchStoryboardName = LaunchScreen;
				INFOPLIST_KEY_UIMainStoryboardFile = Main;
				INFOPLIST_KEY_UISupportedInterfaceOrientations_iPad = "UIInterfaceOrientationPortrait UIInterfaceOrientationPortraitUpsideDown UIInterfaceOrientationLandscapeLeft UIInterfaceOrientationLandscapeRight";
				INFOPLIST_KEY_UISupportedInterfaceOrientations_iPhone = "UIInterfaceOrientationPortrait UIInterfaceOrientationLandscapeLeft UIInterfaceOrientationLandscapeRight";
				LD_RUNPATH_SEARCH_PATHS = (
					"$(inherited)",
					"@executable_path/Frameworks",
				);
				MARKETING_VERSION = 1.0;
				PRODUCT_BUNDLE_IDENTIFIER = com.watanabe.UIImageView;
				PRODUCT_NAME = "$(TARGET_NAME)";
				SWIFT_EMIT_LOC_STRINGS = YES;
				SWIFT_VERSION = 5.0;
				TARGETED_DEVICE_FAMILY = "1,2";
			};
			name = Debug;
		};
		8B359DAB29D7DCEA00A9E776 /* Release */ = {
			isa = XCBuildConfiguration;
			buildSettings = {
				ASSETCATALOG_COMPILER_APPICON_NAME = AppIcon;
				ASSETCATALOG_COMPILER_GLOBAL_ACCENT_COLOR_NAME = AccentColor;
				CODE_SIGN_STYLE = Automatic;
				CURRENT_PROJECT_VERSION = 1;
				DEVELOPMENT_TEAM = 7PSW8M3W4F;
				GENERATE_INFOPLIST_FILE = YES;
				INFOPLIST_FILE = UIImageView/Info.plist;
				INFOPLIST_KEY_UIApplicationSupportsIndirectInputEvents = YES;
				INFOPLIST_KEY_UILaunchStoryboardName = LaunchScreen;
				INFOPLIST_KEY_UIMainStoryboardFile = Main;
				INFOPLIST_KEY_UISupportedInterfaceOrientations_iPad = "UIInterfaceOrientationPortrait UIInterfaceOrientationPortraitUpsideDown UIInterfaceOrientationLandscapeLeft UIInterfaceOrientationLandscapeRight";
				INFOPLIST_KEY_UISupportedInterfaceOrientations_iPhone = "UIInterfaceOrientationPortrait UIInterfaceOrientationLandscapeLeft UIInterfaceOrientationLandscapeRight";
				LD_RUNPATH_SEARCH_PATHS = (
					"$(inherited)",
					"@executable_path/Frameworks",
				);
				MARKETING_VERSION = 1.0;
				PRODUCT_BUNDLE_IDENTIFIER = com.watanabe.UIImageView;
				PRODUCT_NAME = "$(TARGET_NAME)";
				SWIFT_EMIT_LOC_STRINGS = YES;
				SWIFT_VERSION = 5.0;
				TARGETED_DEVICE_FAMILY = "1,2";
			};
			name = Release;
		};
/* End XCBuildConfiguration section */

/* Begin XCConfigurationList section */
		8B359D9029D7DCE900A9E776 /* Build configuration list for PBXProject "UIImageView" */ = {
			isa = XCConfigurationList;
			buildConfigurations = (
				8B359DA729D7DCEA00A9E776 /* Debug */,
				8B359DA829D7DCEA00A9E776 /* Release */,
			);
			defaultConfigurationIsVisible = 0;
			defaultConfigurationName = Release;
		};
		8B359DA929D7DCEA00A9E776 /* Build configuration list for PBXNativeTarget "UIImageView" */ = {
			isa = XCConfigurationList;
			buildConfigurations = (
				8B359DAA29D7DCEA00A9E776 /* Debug */,
				8B359DAB29D7DCEA00A9E776 /* Release */,
			);
			defaultConfigurationIsVisible = 0;
			defaultConfigurationName = Release;
		};
/* End XCConfigurationList section */

/* Begin XCRemoteSwiftPackageReference section */
		8B359DAC29D7E50100A9E776 /* XCRemoteSwiftPackageReference "Kingfisher" */ = {
			isa = XCRemoteSwiftPackageReference;
			repositoryURL = "https://github.com/onevcat/Kingfisher";
			requirement = {
				branch = master;
				kind = branch;
			};
		};
/* End XCRemoteSwiftPackageReference section */

/* Begin XCSwiftPackageProductDependency section */
		8B359DAD29D7E50100A9E776 /* Kingfisher */ = {
			isa = XCSwiftPackageProductDependency;
			package = 8B359DAC29D7E50100A9E776 /* XCRemoteSwiftPackageReference "Kingfisher" */;
			productName = Kingfisher;
		};
/* End XCSwiftPackageProductDependency section */
	};
	rootObject = 8B359D8D29D7DCE900A9E776 /* Project object */;
}
